# This file is autogenerated, do not edit; changes may be undone by the next 'dep ensure'.


[[projects]]
  name = "github.com/cenk/backoff"
  packages = ["."]
  revision = "2ea60e5f094469f9e65adb9cd103795b73ae743e"
  version = "v2.0.0"

[[projects]]
  branch = "master"
  name = "github.com/facebookgo/grace"
  packages = ["gracenet"]
  revision = "75cf19382434e82df4dd84953f566b8ad23d6e9e"

[[projects]]
  name = "github.com/fsnotify/fsnotify"
  packages = ["."]
  revision = "c2828203cd70a50dcccfb2761f8b1f8ceef9a8e9"
  version = "v1.4.7"

[[projects]]
  name = "github.com/kavu/go_reuseport"
  packages = ["."]
  revision = "ffa96de2479e10ecd06aca8069bf9c55a86701b5"
  version = "v1.4.0"

[[projects]]
  branch = "master"
  name = "github.com/marpaia/graphite-golang"
  packages = ["."]
  revision = "134b9af18cf31f936ebddbd11c03eead4d501601"

[[projects]]
  name = "github.com/sirupsen/logrus"
  packages = ["."]
  revision = "3e01752db0189b9157070a0e1668a620f9a85da2"
  version = "v1.0.6"

[[projects]]
  branch = "master"
  name = "github.com/tidwall/evio"
  packages = [".","internal"]
  revision = "3db0020933b5ae6646c7d06f3f1e2a012f4969f8"

[[projects]]
  branch = "master"
  name = "golang.org/x/crypto"
  packages = ["ssh/terminal"]
  revision = "182538f80094b6a8efaade63a8fd8e0d9d5843dd"

[[projects]]
  branch = "master"
  name = "golang.org/x/net"
  packages = ["context"]
  revision = "8a410e7b638dca158bf9e766925842f6651ff828"

[[projects]]
  branch = "master"
  name = "golang.org/x/sys"
  packages = ["unix","windows"]
  revision = "49385e6e15226593f68b26af201feec29d5bba22"

[[projects]]
  name = "gopkg.in/yaml.v2"
  packages = ["."]
  revision = "5420a8b6744d3b0345ab293f6fcba19c978f1183"
  version = "v2.2.1"

[solve-meta]
  analyzer-name = "dep"
  analyzer-version = 1
  inputs-digest = "0b95ae07fc810a88160189fe9686b827e7e137bc282023bb40843620ce94e2fa"
  solver-name = "gps-cdcl"
  solver-version = 1
